
Microsoft Visual Studio Solution File, Format Version 12.00
# Visual Studio Version 17
VisualStudioVersion = 17.4.33213.308
MinimumVisualStudioVersion = 10.0.40219.1
Project("{FAE04EC0-301F-11D3-BF4B-00C04F79EFBC}") = "CopyProgress", "CopyProgress\CopyProgress.csproj", "{3D8D83FC-F78D-401D-B03E-9997AF9E1834}"
EndProject
Global
	GlobalSection(SolutionConfigurationPlatforms) = preSolution
		Debug|Any CPU = Debug|Any CPU
		Release|Any CPU = Release|Any CPU
	EndGlobalSection
	GlobalSection(ProjectConfigurationPlatforms) = postSolution
		{3D8D83FC-F78D-401D-B03E-9997AF9E1834}.Debug|Any CPU.ActiveCfg = Debug|Any CPU
		{3D8D83FC-F78D-401D-B03E-9997AF9E1834}.Debug|Any CPU.Build.0 = Debug|Any CPU
		{3D8D83FC-F78D-401D-B03E-9997AF9E1834}.Release|Any CPU.ActiveCfg = Release|Any CPU
		{3D8D83FC-F78D-401D-B03E-9997AF9E1834}.Release|Any CPU.Build.0 = Release|Any CPU
	EndGlobalSection
	GlobalSection(SolutionProperties) = preSolution
		HideSolutionNode = FALSE
	EndGlobalSection
	GlobalSection(ExtensibilityGlobals) = postSolution
		SolutionGuid = {C41C09C5-833C-4691-A3FA-D4E24AAFAE33}
	EndGlobalSection
EndGlobal
